
Microsoft Visual Studio Solution File, Format Version 12.00
# Visual Studio Version 17
VisualStudioVersion = 17.0.32014.148
MinimumVisualStudioVersion = 10.0.40219.1
Project("{8BC9CEB8-8B4A-11D0-8D11-00A0C91BC942}") = "smv_engine", "smv_engine.vcxitems", "{BCF2E37C-7454-4CCE-8FD0-E2F13A90009B}"
EndProject
Project("{8BC9CEB8-8B4A-11D0-8D11-00A0C91BC942}") = "externe", "externe.vcxitems", "{59EB7049-3CD2-4C5C-9166-95FBE55908FD}"
EndProject
Project("{8BC9CEB8-8B4A-11D0-8D11-00A0C91BC942}") = "difstrm_vs", "difstrm_vs.vcxproj", "{83C862DC-2019-4B36-A219-486E9319C76A}"
EndProject
Global
	GlobalSection(SolutionConfigurationPlatforms) = preSolution
		Debug|ARM64 = Debug|ARM64
		Debug|x64 = Debug|x64
		Debug|x86 = Debug|x86
		Release|ARM64 = Release|ARM64
		Release|x64 = Release|x64
		Release|x86 = Release|x86
		ReleaseClang|ARM64 = ReleaseClang|ARM64
		ReleaseClang|x64 = ReleaseClang|x64
		ReleaseClang|x86 = ReleaseClang|x86
	EndGlobalSection
	GlobalSection(ProjectConfigurationPlatforms) = postSolution
		{83C862DC-2019-4B36-A219-486E9319C76A}.Debug|ARM64.ActiveCfg = Debug|ARM64
		{83C862DC-2019-4B36-A219-486E9319C76A}.Debug|ARM64.Build.0 = Debug|ARM64
		{83C862DC-2019-4B36-A219-486E9319C76A}.Debug|x64.ActiveCfg = Debug|x64
		{83C862DC-2019-4B36-A219-486E9319C76A}.Debug|x64.Build.0 = Debug|x64
		{83C862DC-2019-4B36-A219-486E9319C76A}.Debug|x86.ActiveCfg = Debug|Win32
		{83C862DC-2019-4B36-A219-486E9319C76A}.Debug|x86.Build.0 = Debug|Win32
		{83C862DC-2019-4B36-A219-486E9319C76A}.Release|ARM64.ActiveCfg = Release|ARM64
		{83C862DC-2019-4B36-A219-486E9319C76A}.Release|ARM64.Build.0 = Release|ARM64
		{83C862DC-2019-4B36-A219-486E9319C76A}.Release|x64.ActiveCfg = Release|x64
		{83C862DC-2019-4B36-A219-486E9319C76A}.Release|x64.Build.0 = Release|x64
		{83C862DC-2019-4B36-A219-486E9319C76A}.Release|x86.ActiveCfg = Release|Win32
		{83C862DC-2019-4B36-A219-486E9319C76A}.Release|x86.Build.0 = Release|Win32
		{83C862DC-2019-4B36-A219-486E9319C76A}.ReleaseClang|ARM64.ActiveCfg = ReleaseClang|ARM64
		{83C862DC-2019-4B36-A219-486E9319C76A}.ReleaseClang|ARM64.Build.0 = ReleaseClang|ARM64
		{83C862DC-2019-4B36-A219-486E9319C76A}.ReleaseClang|x64.ActiveCfg = ReleaseClang|x64
		{83C862DC-2019-4B36-A219-486E9319C76A}.ReleaseClang|x64.Build.0 = ReleaseClang|x64
		{83C862DC-2019-4B36-A219-486E9319C76A}.ReleaseClang|x86.ActiveCfg = ReleaseClang|Win32
		{83C862DC-2019-4B36-A219-486E9319C76A}.ReleaseClang|x86.Build.0 = ReleaseClang|Win32
	EndGlobalSection
	GlobalSection(SolutionProperties) = preSolution
		HideSolutionNode = FALSE
	EndGlobalSection
	GlobalSection(ExtensibilityGlobals) = postSolution
		SolutionGuid = {D2C60878-1233-4EA6-B151-9A7ADA0DA34C}
	EndGlobalSection
	GlobalSection(SharedMSBuildProjectFiles) = preSolution
		externe.vcxitems*{59eb7049-3cd2-4c5c-9166-95fbe55908fd}*SharedItemsImports = 9
		externe.vcxitems*{83c862dc-2019-4b36-a219-486e9319c76a}*SharedItemsImports = 4
		smv_engine.vcxitems*{83c862dc-2019-4b36-a219-486e9319c76a}*SharedItemsImports = 4
		smv_engine.vcxitems*{bcf2e37c-7454-4cce-8fd0-e2f13a90009b}*SharedItemsImports = 9
	EndGlobalSection
EndGlobal
